lockfile_version: '1'
apm_version: 0.33.0
dependencies:
- repo_url: _local/troubleshoot-maas
  name: troubleshoot-maas
  version: 1.0.0
  package_type: apm_package
  deployed_files:
  - .agents/skills/troubleshoot-maas
  - .agents/skills/troubleshoot-maas/SKILL.md
  - .agents/skills/troubleshoot-maas/references/troubleshooting.md
  - .claude/rules/troubleshoot-maas.md
  - .claude/skills/troubleshoot-maas
  - .claude/skills/troubleshoot-maas/SKILL.md
  - .claude/skills/troubleshoot-maas/references/troubleshooting.md
  - .cursor/rules/troubleshoot-maas.mdc
  - .github/instructions/troubleshoot-maas.instructions.md
  deployed_file_hashes:
    .agents/skills/troubleshoot-maas/SKILL.md: sha256:7b7ce2e701e46e425ecbea4f7590dbd098a1ce5ec78649a25335d799d2f37321
    .agents/skills/troubleshoot-maas/references/troubleshooting.md: sha256:a027206291b101526b422e1366e22ecfd153279ac6098bc40bdd43fe9a25a4bb
    .claude/rules/troubleshoot-maas.md: sha256:43841a8d69484d64045c0793ded99105c58ce03d8734ff6f521da3a04d676234
    .claude/skills/troubleshoot-maas/SKILL.md: sha256:7b7ce2e701e46e425ecbea4f7590dbd098a1ce5ec78649a25335d799d2f37321
    .claude/skills/troubleshoot-maas/references/troubleshooting.md: sha256:a027206291b101526b422e1366e22ecfd153279ac6098bc40bdd43fe9a25a4bb
    .cursor/rules/troubleshoot-maas.mdc: sha256:d13a1e736a1b0c482b343cd44e87c5af9e179a8ae67dc6752029e73904d3e550
    .github/instructions/troubleshoot-maas.instructions.md: sha256:9832732172e95e39d974f36107c5f2ba00301707374f82cc4360454e715f9ed9
  source: local
  local_path: ./agent-packages/troubleshoot-maas/
  is_dev: true
deployments:
- kind: project-relative
  target: claude
  value: .claude/rules/troubleshoot-maas.md
  runtime: null
  scope: project
  owners:
  - ./agent-packages/troubleshoot-maas/
  active_owner: ./agent-packages/troubleshoot-maas/
  content_hash: sha256:43841a8d69484d64045c0793ded99105c58ce03d8734ff6f521da3a04d676234
- kind: project-relative
  target: claude
  value: .claude/skills/troubleshoot-maas
  runtime: null
  scope: project
  owners:
  - ./agent-packages/troubleshoot-maas/
  active_owner: ./agent-packages/troubleshoot-maas/
  content_hash: null
- kind: project-relative
  target: claude
  value: .claude/skills/troubleshoot-maas/SKILL.md
  runtime: null
  scope: project
  owners:
  - ./agent-packages/troubleshoot-maas/
  active_owner: ./agent-packages/troubleshoot-maas/
  content_hash: sha256:7b7ce2e701e46e425ecbea4f7590dbd098a1ce5ec78649a25335d799d2f37321
- kind: project-relative
  target: claude
  value: .claude/skills/troubleshoot-maas/references/troubleshooting.md
  runtime: null
  scope: project
  owners:
  - ./agent-packages/troubleshoot-maas/
  active_owner: ./agent-packages/troubleshoot-maas/
  content_hash: sha256:a027206291b101526b422e1366e22ecfd153279ac6098bc40bdd43fe9a25a4bb
- kind: project-relative
  target: copilot
  value: .agents/skills/troubleshoot-maas
  runtime: null
  scope: project
  owners:
  - ./agent-packages/troubleshoot-maas/
  active_owner: ./agent-packages/troubleshoot-maas/
  content_hash: null
- kind: project-relative
  target: copilot
  value: .agents/skills/troubleshoot-maas/SKILL.md
  runtime: null
  scope: project
  owners:
  - ./agent-packages/troubleshoot-maas/
  active_owner: ./agent-packages/troubleshoot-maas/
  content_hash: sha256:7b7ce2e701e46e425ecbea4f7590dbd098a1ce5ec78649a25335d799d2f37321
- kind: project-relative
  target: copilot
  value: .agents/skills/troubleshoot-maas/references/troubleshooting.md
  runtime: null
  scope: project
  owners:
  - ./agent-packages/troubleshoot-maas/
  active_owner: ./agent-packages/troubleshoot-maas/
  content_hash: sha256:a027206291b101526b422e1366e22ecfd153279ac6098bc40bdd43fe9a25a4bb
- kind: project-relative
  target: copilot
  value: .github/instructions/troubleshoot-maas.instructions.md
  runtime: null
  scope: project
  owners:
  - ./agent-packages/troubleshoot-maas/
  active_owner: ./agent-packages/troubleshoot-maas/
  content_hash: sha256:9832732172e95e39d974f36107c5f2ba00301707374f82cc4360454e715f9ed9
- kind: project-relative
  target: cursor
  value: .cursor/rules/troubleshoot-maas.mdc
  runtime: null
  scope: project
  owners:
  - ./agent-packages/troubleshoot-maas/
  active_owner: ./agent-packages/troubleshoot-maas/
  content_hash: sha256:d13a1e736a1b0c482b343cd44e87c5af9e179a8ae67dc6752029e73904d3e550
